
Microsoft Visual Studio Solution File, Format Version 12.00
# Visual Studio 15
VisualStudioVersion = 15.0.27703.2047
MinimumVisualStudioVersion = 10.0.40219.1
Project("{FAE04EC0-301F-11D3-BF4B-00C04F79EFBC}") = "ContactsManagerWebApi", "ContactsManagerWebApi\ContactsManagerWebApi.csproj", "{D3F13DC8-0618-4F98-859C-1D8EC72D8D2A}"
EndProject
Project("{FAE04EC0-301F-11D3-BF4B-00C04F79EFBC}") = "ContactsManagerBL", "ContactsManagerBL\ContactsManagerBL.csproj", "{0DB035A2-A319-47FB-80CF-F45CAFCA1226}"
EndProject
Project("{FAE04EC0-301F-11D3-BF4B-00C04F79EFBC}") = "ContactsManagerDAL", "ContactsManagerDAL\ContactsManagerDAL.csproj", "{DEBEC1E2-8468-46E5-BB0E-A19F6B03870B}"
EndProject
Global
	GlobalSection(SolutionConfigurationPlatforms) = preSolution
		Debug|Any CPU = Debug|Any CPU
		Release|Any CPU = Release|Any CPU
	EndGlobalSection
	GlobalSection(ProjectConfigurationPlatforms) = postSolution
		{D3F13DC8-0618-4F98-859C-1D8EC72D8D2A}.Debug|Any CPU.ActiveCfg = Debug|Any CPU
		{D3F13DC8-0618-4F98-859C-1D8EC72D8D2A}.Debug|Any CPU.Build.0 = Debug|Any CPU
		{D3F13DC8-0618-4F98-859C-1D8EC72D8D2A}.Release|Any CPU.ActiveCfg = Release|Any CPU
		{D3F13DC8-0618-4F98-859C-1D8EC72D8D2A}.Release|Any CPU.Build.0 = Release|Any CPU
		{0DB035A2-A319-47FB-80CF-F45CAFCA1226}.Debug|Any CPU.ActiveCfg = Debug|Any CPU
		{0DB035A2-A319-47FB-80CF-F45CAFCA1226}.Debug|Any CPU.Build.0 = Debug|Any CPU
		{0DB035A2-A319-47FB-80CF-F45CAFCA1226}.Release|Any CPU.ActiveCfg = Release|Any CPU
		{0DB035A2-A319-47FB-80CF-F45CAFCA1226}.Release|Any CPU.Build.0 = Release|Any CPU
		{DEBEC1E2-8468-46E5-BB0E-A19F6B03870B}.Debug|Any CPU.ActiveCfg = Debug|Any CPU
		{DEBEC1E2-8468-46E5-BB0E-A19F6B03870B}.Debug|Any CPU.Build.0 = Debug|Any CPU
		{DEBEC1E2-8468-46E5-BB0E-A19F6B03870B}.Release|Any CPU.ActiveCfg = Release|Any CPU
		{DEBEC1E2-8468-46E5-BB0E-A19F6B03870B}.Release|Any CPU.Build.0 = Release|Any CPU
	EndGlobalSection
	GlobalSection(SolutionProperties) = preSolution
		HideSolutionNode = FALSE
	EndGlobalSection
	GlobalSection(ExtensibilityGlobals) = postSolution
		SolutionGuid = {030BFD81-C3FE-439E-9E7E-741B9404A5E0}
	EndGlobalSection
EndGlobal
